
Microsoft Visual Studio Solution File, Format Version 12.00
# Visual Studio Version 17
VisualStudioVersion = 17.5.002.0
MinimumVisualStudioVersion = 10.0.40219.1
Project("{2150E333-8FDC-42A3-9474-1A3956D46DE8}") = "2020", "2020", "{88EB4CD9-7A35-4D17-A504-FA6704846C8E}"
EndProject
Project("{9A19103F-16F7-4668-BE54-9A1E7A4F7556}") = "Day10", "2020\Day10\Day10.csproj", "{BFB60E69-5A19-441D-AE6F-9D5F9228C69B}"
EndProject
Project("{9A19103F-16F7-4668-BE54-9A1E7A4F7556}") = "Day11", "2020\Day11\Day11.csproj", "{C3BF999A-F0B5-43D4-BD25-9AEB94668B72}"
EndProject
Project("{9A19103F-16F7-4668-BE54-9A1E7A4F7556}") = "Day12", "2020\Day12\Day12.csproj", "{76FA618E-B10E-4A8D-A6AA-03EE7A80CC9D}"
EndProject
Project("{9A19103F-16F7-4668-BE54-9A1E7A4F7556}") = "Day13", "2020\Day13\Day13.csproj", "{2CFA68ED-82D3-4011-BA91-F35461EF7F83}"
EndProject
Project("{9A19103F-16F7-4668-BE54-9A1E7A4F7556}") = "Day14", "2020\Day14\Day14.csproj", "{F54E16C4-56EC-4DF5-86B4-1B334F0CEB97}"
EndProject
Project("{9A19103F-16F7-4668-BE54-9A1E7A4F7556}") = "Day15", "2020\Day15\Day15.csproj", "{33AF10DF-D574-45F4-97A9-7F6286F80E8B}"
EndProject
Project("{9A19103F-16F7-4668-BE54-9A1E7A4F7556}") = "Day16", "2020\Day16\Day16.csproj", "{EF111954-466D-47F8-B7FB-88DA4B22C6FB}"
EndProject
Project("{9A19103F-16F7-4668-BE54-9A1E7A4F7556}") = "Day17", "2020\Day17\Day17.csproj", "{5935C6B3-B57A-45AE-8E93-91B5F2ECBE0E}"
EndProject
Project("{9A19103F-16F7-4668-BE54-9A1E7A4F7556}") = "Day18", "2020\Day18\Day18.csproj", "{0D3282EE-75D7-45D0-9887-70818682C9F6}"
EndProject
Project("{9A19103F-16F7-4668-BE54-9A1E7A4F7556}") = "Day19", "2020\Day19\Day19.csproj", "{92241A5D-5DE6-445F-8AD8-AF71159C79EA}"
EndProject
Project("{9A19103F-16F7-4668-BE54-9A1E7A4F7556}") = "Day20", "2020\Day20\Day20.csproj", "{CEC2635B-0951-4F91-B31D-59595621DCC5}"
EndProject
Project("{9A19103F-16F7-4668-BE54-9A1E7A4F7556}") = "Day21", "2020\Day21\Day21.csproj", "{E7CFA30F-36B9-4957-A326-AE98E090C731}"
EndProject
Project("{9A19103F-16F7-4668-BE54-9A1E7A4F7556}") = "Day22", "2020\Day22\Day22.csproj", "{1366525F-D8DE-4EBA-B7D8-833D335317AC}"
EndProject
Project("{9A19103F-16F7-4668-BE54-9A1E7A4F7556}") = "Day23", "2020\Day23\Day23.csproj", "{5E4B8186-15F1-4D64-8FE7-0564B37DE14F}"
EndProject
Project("{9A19103F-16F7-4668-BE54-9A1E7A4F7556}") = "Day24", "2020\Day24\Day24.csproj", "{92B38397-CEA3-436D-BC42-5673F9C2056D}"
EndProject
Project("{9A19103F-16F7-4668-BE54-9A1E7A4F7556}") = "Day25", "2020\Day25\Day25.csproj", "{09DD2B96-CAE4-4A25-A42D-B1D90CD664EF}"
EndProject
Project("{9A19103F-16F7-4668-BE54-9A1E7A4F7556}") = "Day8", "2020\Day8\Day8.csproj", "{6760A7C6-ADD3-4D20-B3B6-384E894B9964}"
EndProject
Project("{9A19103F-16F7-4668-BE54-9A1E7A4F7556}") = "Day9", "2020\Day9\Day9.csproj", "{824E374E-FA05-45C9-A3DE-492190438A70}"
EndProject
Project("{2150E333-8FDC-42A3-9474-1A3956D46DE8}") = "2021", "2021", "{3BA1894E-6283-4200-836E-DC9A928D6EEC}"
EndProject
Project("{9A19103F-16F7-4668-BE54-9A1E7A4F7556}") = "Day", "2021\Day1\Day.csproj", "{48840D87-486E-48B6-9B17-D7148CE06655}"
EndProject
Project("{9A19103F-16F7-4668-BE54-9A1E7A4F7556}") = "Day (1)", "2021\Day10\Day.csproj", "{446D8B59-E731-4147-B569-89E8A1DBA82A}"
EndProject
Project("{9A19103F-16F7-4668-BE54-9A1E7A4F7556}") = "Day (2)", "2021\Day11\Day.csproj", "{6E0D4029-E303-4410-BC8B-09D00CB6E508}"
EndProject
Project("{9A19103F-16F7-4668-BE54-9A1E7A4F7556}") = "Day (3)", "2021\Day12\Day.csproj", "{F7238D72-10A0-4A29-B0D0-F3B352633265}"
EndProject
Project("{9A19103F-16F7-4668-BE54-9A1E7A4F7556}") = "Day (4)", "2021\Day13\Day.csproj", "{EBC59CA9-395B-4C65-AB0A-CE41AB608215}"
EndProject
Project("{9A19103F-16F7-4668-BE54-9A1E7A4F7556}") = "Day (5)", "2021\Day14\Day.csproj", "{FA8FCA5A-4651-4CB1-B8B4-4F6598F9F4D5}"
EndProject
Project("{9A19103F-16F7-4668-BE54-9A1E7A4F7556}") = "Day (6)", "2021\Day15\Day.csproj", "{96DAD370-FA79-4F62-AAA8-5283F2CBB8E9}"
EndProject
Project("{9A19103F-16F7-4668-BE54-9A1E7A4F7556}") = "Day (7)", "2021\Day16\Day.csproj", "{1A90327D-5F95-424A-A88F-6DDE4DD3801F}"
EndProject
Project("{9A19103F-16F7-4668-BE54-9A1E7A4F7556}") = "Day (8)", "2021\Day17\Day.csproj", "{50C71E53-DB29-4CB5-B9F5-A66E209B3D1A}"
EndProject
Project("{9A19103F-16F7-4668-BE54-9A1E7A4F7556}") = "Day (9)", "2021\Day18\Day.csproj", "{A4E57D17-6EBF-4FFE-90D4-51EF27884693}"
EndProject
Project("{9A19103F-16F7-4668-BE54-9A1E7A4F7556}") = "Day (10)", "2021\Day19\Day.csproj", "{ABCDD24F-7C16-4298-A86F-957D7FEE537A}"
EndProject
Project("{9A19103F-16F7-4668-BE54-9A1E7A4F7556}") = "Day (11)", "2021\Day2\Day.csproj", "{6F30E121-9AA4-4AC6-9F2C-347B9200BBFD}"
EndProject
Project("{9A19103F-16F7-4668-BE54-9A1E7A4F7556}") = "Day (12)", "2021\Day20\Day.csproj", "{8F7A56F4-ACD5-4919-A149-2A99B27E2EDA}"
EndProject
Project("{9A19103F-16F7-4668-BE54-9A1E7A4F7556}") = "Day (13)", "2021\Day21\Day.csproj", "{A5BF281F-0FB9-4B26-BC56-C5D55ABB400A}"
EndProject
Project("{9A19103F-16F7-4668-BE54-9A1E7A4F7556}") = "Day (14)", "2021\Day22\Day.csproj", "{B85E4BDB-BDC0-42DD-A4C5-72E59A0CFC6F}"
EndProject
Project("{9A19103F-16F7-4668-BE54-9A1E7A4F7556}") = "Day (15)", "2021\Day23\Day.csproj", "{6F3DE1EA-6542-4120-8679-55EFD5CF1500}"
EndProject
Project("{9A19103F-16F7-4668-BE54-9A1E7A4F7556}") = "Day (16)", "2021\Day24\Day.csproj", "{8343DC9F-3BC0-4E96-AD2A-95CA5CE9B4E9}"
EndProject
Project("{9A19103F-16F7-4668-BE54-9A1E7A4F7556}") = "Day (17)", "2021\Day25\Day.csproj", "{0D673CCE-EE07-43B8-A922-320D62D412CC}"
EndProject
Project("{9A19103F-16F7-4668-BE54-9A1E7A4F7556}") = "Day (18)", "2021\Day3\Day.csproj", "{B44B0648-019B-48A8-AFF3-29A9D56F26A1}"
EndProject
Project("{9A19103F-16F7-4668-BE54-9A1E7A4F7556}") = "Day (19)", "2021\Day4\Day.csproj", "{62775C60-A0E0-47F4-8003-DDE2E72129D3}"
EndProject
Project("{9A19103F-16F7-4668-BE54-9A1E7A4F7556}") = "Day (20)", "2021\Day5\Day.csproj", "{367089D6-2D5D-40F4-B834-08A91E156E76}"
EndProject
Project("{9A19103F-16F7-4668-BE54-9A1E7A4F7556}") = "Day (21)", "2021\Day6\Day.csproj", "{3B591553-2D05-469B-9805-EB95A51CD02D}"
EndProject
Project("{9A19103F-16F7-4668-BE54-9A1E7A4F7556}") = "Day (22)", "2021\Day7\Day.csproj", "{7B616FBE-2989-4213-BA5A-8AFAD35189C1}"
EndProject
Project("{9A19103F-16F7-4668-BE54-9A1E7A4F7556}") = "Day (23)", "2021\Day8\Day.csproj", "{16C1F039-C6EB-424E-8C19-C86D812A5F2E}"
EndProject
Project("{9A19103F-16F7-4668-BE54-9A1E7A4F7556}") = "Day (24)", "2021\Day9\Day.csproj", "{74CF3235-1456-42E1-91AF-5B2278616357}"
EndProject
Project("{2150E333-8FDC-42A3-9474-1A3956D46DE8}") = "2022", "2022", "{48EEB9B4-569D-434C-8583-CD81EC017713}"
EndProject
Project("{9A19103F-16F7-4668-BE54-9A1E7A4F7556}") = "Day", "2022\Day1\Day.csproj", "{F90499DE-E127-4A76-80A8-662E7A6232CC}"
EndProject
Project("{9A19103F-16F7-4668-BE54-9A1E7A4F7556}") = "Day (1)", "2022\Day10\Day.csproj", "{C5EBC243-A08E-47E6-BFDF-8CEC33B96E09}"
EndProject
Project("{9A19103F-16F7-4668-BE54-9A1E7A4F7556}") = "Day (2)", "2022\Day11\Day.csproj", "{1E659D90-3036-46F3-854B-D15FD61EBFFB}"
EndProject
Project("{9A19103F-16F7-4668-BE54-9A1E7A4F7556}") = "Day (3)", "2022\Day12\Day.csproj", "{8DE91A48-06B6-4B6E-8B5B-1A6FDF6C4E20}"
EndProject
Project("{9A19103F-16F7-4668-BE54-9A1E7A4F7556}") = "Day (4)", "2022\Day13\Day.csproj", "{75F5B3A1-0B3E-4B09-88A6-C11DB2475FC9}"
EndProject
Project("{9A19103F-16F7-4668-BE54-9A1E7A4F7556}") = "Day (5)", "2022\Day14\Day.csproj", "{A6EE6287-5480-4A91-8CCF-122D17F5FCA6}"
EndProject
Project("{9A19103F-16F7-4668-BE54-9A1E7A4F7556}") = "Day (6)", "2022\Day15\Day.csproj", "{AF295C06-25D5-41BB-8C60-80DB3952403E}"
EndProject
Project("{9A19103F-16F7-4668-BE54-9A1E7A4F7556}") = "Day (7)", "2022\Day2\Day.csproj", "{6B1DBA46-4C5D-4883-AF78-8832B2737829}"
EndProject
Project("{9A19103F-16F7-4668-BE54-9A1E7A4F7556}") = "Day (8)", "2022\Day3\Day.csproj", "{7B59FE3D-A4C9-4EC3-A79B-A768C6B61187}"
EndProject
Project("{9A19103F-16F7-4668-BE54-9A1E7A4F7556}") = "Day (9)", "2022\Day4\Day.csproj", "{5874CC1C-2742-4787-BC1A-CDBDE9599D79}"
EndProject
Project("{9A19103F-16F7-4668-BE54-9A1E7A4F7556}") = "Day (10)", "2022\Day5\Day.csproj", "{6DD27C66-69AD-42DC-8996-875CD2A380E2}"
EndProject
Project("{9A19103F-16F7-4668-BE54-9A1E7A4F7556}") = "Day (11)", "2022\Day6\Day.csproj", "{770B1766-B0D8-44EA-AF91-E3EA3A5B1DB8}"
EndProject
Project("{9A19103F-16F7-4668-BE54-9A1E7A4F7556}") = "Day (12)", "2022\Day7\Day.csproj", "{BE2E73C4-AED7-4844-8413-45A46AF8166A}"
EndProject
Project("{9A19103F-16F7-4668-BE54-9A1E7A4F7556}") = "Day (13)", "2022\Day8\Day.csproj", "{F602DEF1-F1B1-46E8-9F9B-4D69C6BFFAEC}"
EndProject
Project("{9A19103F-16F7-4668-BE54-9A1E7A4F7556}") = "Day (14)", "2022\Day9\Day.csproj", "{30B3163C-7ECC-4EBF-966E-5EB70DE715DB}"
EndProject
Project("{2150E333-8FDC-42A3-9474-1A3956D46DE8}") = "2023", "2023", "{5A3F61A1-22C8-40D4-AAE1-164B254BB297}"
EndProject
Project("{9A19103F-16F7-4668-BE54-9A1E7A4F7556}") = "Day", "2023\Day1\Day.csproj", "{D543BDFD-166C-44DB-83FD-FAB36322C3AF}"
EndProject
Global
	GlobalSection(SolutionConfigurationPlatforms) = preSolution
		Debug|Any CPU = Debug|Any CPU
		Release|Any CPU = Release|Any CPU
	EndGlobalSection
	GlobalSection(ProjectConfigurationPlatforms) = postSolution
		{BFB60E69-5A19-441D-AE6F-9D5F9228C69B}.Debug|Any CPU.ActiveCfg = Debug|Any CPU
		{BFB60E69-5A19-441D-AE6F-9D5F9228C69B}.Debug|Any CPU.Build.0 = Debug|Any CPU
		{BFB60E69-5A19-441D-AE6F-9D5F9228C69B}.Release|Any CPU.ActiveCfg = Release|Any CPU
		{BFB60E69-5A19-441D-AE6F-9D5F9228C69B}.Release|Any CPU.Build.0 = Release|Any CPU
		{C3BF999A-F0B5-43D4-BD25-9AEB94668B72}.Debug|Any CPU.ActiveCfg = Debug|Any CPU
		{C3BF999A-F0B5-43D4-BD25-9AEB94668B72}.Debug|Any CPU.Build.0 = Debug|Any CPU
		{C3BF999A-F0B5-43D4-BD25-9AEB94668B72}.Release|Any CPU.ActiveCfg = Release|Any CPU
		{C3BF999A-F0B5-43D4-BD25-9AEB94668B72}.Release|Any CPU.Build.0 = Release|Any CPU
		{76FA618E-B10E-4A8D-A6AA-03EE7A80CC9D}.Debug|Any CPU.ActiveCfg = Debug|Any CPU
		{76FA618E-B10E-4A8D-A6AA-03EE7A80CC9D}.Debug|Any CPU.Build.0 = Debug|Any CPU
		{76FA618E-B10E-4A8D-A6AA-03EE7A80CC9D}.Release|Any CPU.ActiveCfg = Release|Any CPU
		{76FA618E-B10E-4A8D-A6AA-03EE7A80CC9D}.Release|Any CPU.Build.0 = Release|Any CPU
		{2CFA68ED-82D3-4011-BA91-F35461EF7F83}.Debug|Any CPU.ActiveCfg = Debug|Any CPU
		{2CFA68ED-82D3-4011-BA91-F35461EF7F83}.Debug|Any CPU.Build.0 = Debug|Any CPU
		{2CFA68ED-82D3-4011-BA91-F35461EF7F83}.Release|Any CPU.ActiveCfg = Release|Any CPU
		{2CFA68ED-82D3-4011-BA91-F35461EF7F83}.Release|Any CPU.Build.0 = Release|Any CPU
		{F54E16C4-56EC-4DF5-86B4-1B334F0CEB97}.Debug|Any CPU.ActiveCfg = Debug|Any CPU
		{F54E16C4-56EC-4DF5-86B4-1B334F0CEB97}.Debug|Any CPU.Build.0 = Debug|Any CPU
		{F54E16C4-56EC-4DF5-86B4-1B334F0CEB97}.Release|Any CPU.ActiveCfg = Release|Any CPU
		{F54E16C4-56EC-4DF5-86B4-1B334F0CEB97}.Release|Any CPU.Build.0 = Release|Any CPU
		{33AF10DF-D574-45F4-97A9-7F6286F80E8B}.Debug|Any CPU.ActiveCfg = Debug|Any CPU
		{33AF10DF-D574-45F4-97A9-7F6286F80E8B}.Debug|Any CPU.Build.0 = Debug|Any CPU
		{33AF10DF-D574-45F4-97A9-7F6286F80E8B}.Release|Any CPU.ActiveCfg = Release|Any CPU
		{33AF10DF-D574-45F4-97A9-7F6286F80E8B}.Release|Any CPU.Build.0 = Release|Any CPU
		{EF111954-466D-47F8-B7FB-88DA4B22C6FB}.Debug|Any CPU.ActiveCfg = Debug|Any CPU
		{EF111954-466D-47F8-B7FB-88DA4B22C6FB}.Debug|Any CPU.Build.0 = Debug|Any CPU
		{EF111954-466D-47F8-B7FB-88DA4B22C6FB}.Release|Any CPU.ActiveCfg = Release|Any CPU
		{EF111954-466D-47F8-B7FB-88DA4B22C6FB}.Release|Any CPU.Build.0 = Release|Any CPU
		{5935C6B3-B57A-45AE-8E93-91B5F2ECBE0E}.Debug|Any CPU.ActiveCfg = Debug|Any CPU
		{5935C6B3-B57A-45AE-8E93-91B5F2ECBE0E}.Debug|Any CPU.Build.0 = Debug|Any CPU
		{5935C6B3-B57A-45AE-8E93-91B5F2ECBE0E}.Release|Any CPU.ActiveCfg = Release|Any CPU
		{5935C6B3-B57A-45AE-8E93-91B5F2ECBE0E}.Release|Any CPU.Build.0 = Release|Any CPU
		{0D3282EE-75D7-45D0-9887-70818682C9F6}.Debug|Any CPU.ActiveCfg = Debug|Any CPU
		{0D3282EE-75D7-45D0-9887-70818682C9F6}.Debug|Any CPU.Build.0 = Debug|Any CPU
		{0D3282EE-75D7-45D0-9887-70818682C9F6}.Release|Any CPU.ActiveCfg = Release|Any CPU
		{0D3282EE-75D7-45D0-9887-70818682C9F6}.Release|Any CPU.Build.0 = Release|Any CPU
		{92241A5D-5DE6-445F-8AD8-AF71159C79EA}.Debug|Any CPU.ActiveCfg = Debug|Any CPU
		{92241A5D-5DE6-445F-8AD8-AF71159C79EA}.Debug|Any CPU.Build.0 = Debug|Any CPU
		{92241A5D-5DE6-445F-8AD8-AF71159C79EA}.Release|Any CPU.ActiveCfg = Release|Any CPU
		{92241A5D-5DE6-445F-8AD8-AF71159C79EA}.Release|Any CPU.Build.0 = Release|Any CPU
		{CEC2635B-0951-4F91-B31D-59595621DCC5}.Debug|Any CPU.ActiveCfg = Debug|Any CPU
		{CEC2635B-0951-4F91-B31D-59595621DCC5}.Debug|Any CPU.Build.0 = Debug|Any CPU
		{CEC2635B-0951-4F91-B31D-59595621DCC5}.Release|Any CPU.ActiveCfg = Release|Any CPU
		{CEC2635B-0951-4F91-B31D-59595621DCC5}.Release|Any CPU.Build.0 = Release|Any CPU
		{E7CFA30F-36B9-4957-A326-AE98E090C731}.Debug|Any CPU.ActiveCfg = Debug|Any CPU
		{E7CFA30F-36B9-4957-A326-AE98E090C731}.Debug|Any CPU.Build.0 = Debug|Any CPU
		{E7CFA30F-36B9-4957-A326-AE98E090C731}.Release|Any CPU.ActiveCfg = Release|Any CPU
		{E7CFA30F-36B9-4957-A326-AE98E090C731}.Release|Any CPU.Build.0 = Release|Any CPU
		{1366525F-D8DE-4EBA-B7D8-833D335317AC}.Debug|Any CPU.ActiveCfg = Debug|Any CPU
		{1366525F-D8DE-4EBA-B7D8-833D335317AC}.Debug|Any CPU.Build.0 = Debug|Any CPU
		{1366525F-D8DE-4EBA-B7D8-833D335317AC}.Release|Any CPU.ActiveCfg = Release|Any CPU
		{1366525F-D8DE-4EBA-B7D8-833D335317AC}.Release|Any CPU.Build.0 = Release|Any CPU
		{5E4B8186-15F1-4D64-8FE7-0564B37DE14F}.Debug|Any CPU.ActiveCfg = Debug|Any CPU
		{5E4B8186-15F1-4D64-8FE7-0564B37DE14F}.Debug|Any CPU.Build.0 = Debug|Any CPU
		{5E4B8186-15F1-4D64-8FE7-0564B37DE14F}.Release|Any CPU.ActiveCfg = Release|Any CPU
		{5E4B8186-15F1-4D64-8FE7-0564B37DE14F}.Release|Any CPU.Build.0 = Release|Any CPU
		{92B38397-CEA3-436D-BC42-5673F9C2056D}.Debug|Any CPU.ActiveCfg = Debug|Any CPU
		{92B38397-CEA3-436D-BC42-5673F9C2056D}.Debug|Any CPU.Build.0 = Debug|Any CPU
		{92B38397-CEA3-436D-BC42-5673F9C2056D}.Release|Any CPU.ActiveCfg = Release|Any CPU
		{92B38397-CEA3-436D-BC42-5673F9C2056D}.Release|Any CPU.Build.0 = Release|Any CPU
		{09DD2B96-CAE4-4A25-A42D-B1D90CD664EF}.Debug|Any CPU.ActiveCfg = Debug|Any CPU
		{09DD2B96-CAE4-4A25-A42D-B1D90CD664EF}.Debug|Any CPU.Build.0 = Debug|Any CPU
		{09DD2B96-CAE4-4A25-A42D-B1D90CD664EF}.Release|Any CPU.ActiveCfg = Release|Any CPU
		{09DD2B96-CAE4-4A25-A42D-B1D90CD664EF}.Release|Any CPU.Build.0 = Release|Any CPU
		{6760A7C6-ADD3-4D20-B3B6-384E894B9964}.Debug|Any CPU.ActiveCfg = Debug|Any CPU
		{6760A7C6-ADD3-4D20-B3B6-384E894B9964}.Debug|Any CPU.Build.0 = Debug|Any CPU
		{6760A7C6-ADD3-4D20-B3B6-384E894B9964}.Release|Any CPU.ActiveCfg = Release|Any CPU
		{6760A7C6-ADD3-4D20-B3B6-384E894B9964}.Release|Any CPU.Build.0 = Release|Any CPU
		{824E374E-FA05-45C9-A3DE-492190438A70}.Debug|Any CPU.ActiveCfg = Debug|Any CPU
		{824E374E-FA05-45C9-A3DE-492190438A70}.Debug|Any CPU.Build.0 = Debug|Any CPU
		{824E374E-FA05-45C9-A3DE-492190438A70}.Release|Any CPU.ActiveCfg = Release|Any CPU
		{824E374E-FA05-45C9-A3DE-492190438A70}.Release|Any CPU.Build.0 = Release|Any CPU
		{48840D87-486E-48B6-9B17-D7148CE06655}.Debug|Any CPU.ActiveCfg = Debug|Any CPU
		{48840D87-486E-48B6-9B17-D7148CE06655}.Debug|Any CPU.Build.0 = Debug|Any CPU
		{48840D87-486E-48B6-9B17-D7148CE06655}.Release|Any CPU.ActiveCfg = Release|Any CPU
		{48840D87-486E-48B6-9B17-D7148CE06655}.Release|Any CPU.Build.0 = Release|Any CPU
		{446D8B59-E731-4147-B569-89E8A1DBA82A}.Debug|Any CPU.ActiveCfg = Debug|Any CPU
		{446D8B59-E731-4147-B569-89E8A1DBA82A}.Debug|Any CPU.Build.0 = Debug|Any CPU
		{446D8B59-E731-4147-B569-89E8A1DBA82A}.Release|Any CPU.ActiveCfg = Release|Any CPU
		{446D8B59-E731-4147-B569-89E8A1DBA82A}.Release|Any CPU.Build.0 = Release|Any CPU
		{6E0D4029-E303-4410-BC8B-09D00CB6E508}.Debug|Any CPU.ActiveCfg = Debug|Any CPU
		{6E0D4029-E303-4410-BC8B-09D00CB6E508}.Debug|Any CPU.Build.0 = Debug|Any CPU
		{6E0D4029-E303-4410-BC8B-09D00CB6E508}.Release|Any CPU.ActiveCfg = Release|Any CPU
		{6E0D4029-E303-4410-BC8B-09D00CB6E508}.Release|Any CPU.Build.0 = Release|Any CPU
		{F7238D72-10A0-4A29-B0D0-F3B352633265}.Debug|Any CPU.ActiveCfg = Debug|Any CPU
		{F7238D72-10A0-4A29-B0D0-F3B352633265}.Debug|Any CPU.Build.0 = Debug|Any CPU
		{F7238D72-10A0-4A29-B0D0-F3B352633265}.Release|Any CPU.ActiveCfg = Release|Any CPU
		{F7238D72-10A0-4A29-B0D0-F3B352633265}.Release|Any CPU.Build.0 = Release|Any CPU
		{EBC59CA9-395B-4C65-AB0A-CE41AB608215}.Debug|Any CPU.ActiveCfg = Debug|Any CPU
		{EBC59CA9-395B-4C65-AB0A-CE41AB608215}.Debug|Any CPU.Build.0 = Debug|Any CPU
		{EBC59CA9-395B-4C65-AB0A-CE41AB608215}.Release|Any CPU.ActiveCfg = Release|Any CPU
		{EBC59CA9-395B-4C65-AB0A-CE41AB608215}.Release|Any CPU.Build.0 = Release|Any CPU
		{FA8FCA5A-4651-4CB1-B8B4-4F6598F9F4D5}.Debug|Any CPU.ActiveCfg = Debug|Any CPU
		{FA8FCA5A-4651-4CB1-B8B4-4F6598F9F4D5}.Debug|Any CPU.Build.0 = Debug|Any CPU
		{FA8FCA5A-4651-4CB1-B8B4-4F6598F9F4D5}.Release|Any CPU.ActiveCfg = Release|Any CPU
		{FA8FCA5A-4651-4CB1-B8B4-4F6598F9F4D5}.Release|Any CPU.Build.0 = Release|Any CPU
		{96DAD370-FA79-4F62-AAA8-5283F2CBB8E9}.Debug|Any CPU.ActiveCfg = Debug|Any CPU
		{96DAD370-FA79-4F62-AAA8-5283F2CBB8E9}.Debug|Any CPU.Build.0 = Debug|Any CPU
		{96DAD370-FA79-4F62-AAA8-5283F2CBB8E9}.Release|Any CPU.ActiveCfg = Release|Any CPU
		{96DAD370-FA79-4F62-AAA8-5283F2CBB8E9}.Release|Any CPU.Build.0 = Release|Any CPU
		{1A90327D-5F95-424A-A88F-6DDE4DD3801F}.Debug|Any CPU.ActiveCfg = Debug|Any CPU
		{1A90327D-5F95-424A-A88F-6DDE4DD3801F}.Debug|Any CPU.Build.0 = Debug|Any CPU
		{1A90327D-5F95-424A-A88F-6DDE4DD3801F}.Release|Any CPU.ActiveCfg = Release|Any CPU
		{1A90327D-5F95-424A-A88F-6DDE4DD3801F}.Release|Any CPU.Build.0 = Release|Any CPU
		{50C71E53-DB29-4CB5-B9F5-A66E209B3D1A}.Debug|Any CPU.ActiveCfg = Debug|Any CPU
		{50C71E53-DB29-4CB5-B9F5-A66E209B3D1A}.Debug|Any CPU.Build.0 = Debug|Any CPU
		{50C71E53-DB29-4CB5-B9F5-A66E209B3D1A}.Release|Any CPU.ActiveCfg = Release|Any CPU
		{50C71E53-DB29-4CB5-B9F5-A66E209B3D1A}.Release|Any CPU.Build.0 = Release|Any CPU
		{A4E57D17-6EBF-4FFE-90D4-51EF27884693}.Debug|Any CPU.ActiveCfg = Debug|Any CPU
		{A4E57D17-6EBF-4FFE-90D4-51EF27884693}.Debug|Any CPU.Build.0 = Debug|Any CPU
		{A4E57D17-6EBF-4FFE-90D4-51EF27884693}.Release|Any CPU.ActiveCfg = Release|Any CPU
		{A4E57D17-6EBF-4FFE-90D4-51EF27884693}.Release|Any CPU.Build.0 = Release|Any CPU
		{ABCDD24F-7C16-4298-A86F-957D7FEE537A}.Debug|Any CPU.ActiveCfg = Debug|Any CPU
		{ABCDD24F-7C16-4298-A86F-957D7FEE537A}.Debug|Any CPU.Build.0 = Debug|Any CPU
		{ABCDD24F-7C16-4298-A86F-957D7FEE537A}.Release|Any CPU.ActiveCfg = Release|Any CPU
		{ABCDD24F-7C16-4298-A86F-957D7FEE537A}.Release|Any CPU.Build.0 = Release|Any CPU
		{6F30E121-9AA4-4AC6-9F2C-347B9200BBFD}.Debug|Any CPU.ActiveCfg = Debug|Any CPU
		{6F30E121-9AA4-4AC6-9F2C-347B9200BBFD}.Debug|Any CPU.Build.0 = Debug|Any CPU
		{6F30E121-9AA4-4AC6-9F2C-347B9200BBFD}.Release|Any CPU.ActiveCfg = Release|Any CPU
		{6F30E121-9AA4-4AC6-9F2C-347B9200BBFD}.Release|Any CPU.Build.0 = Release|Any CPU
		{8F7A56F4-ACD5-4919-A149-2A99B27E2EDA}.Debug|Any CPU.ActiveCfg = Debug|Any CPU
		{8F7A56F4-ACD5-4919-A149-2A99B27E2EDA}.Debug|Any CPU.Build.0 = Debug|Any CPU
		{8F7A56F4-ACD5-4919-A149-2A99B27E2EDA}.Release|Any CPU.ActiveCfg = Release|Any CPU
		{8F7A56F4-ACD5-4919-A149-2A99B27E2EDA}.Release|Any CPU.Build.0 = Release|Any CPU
		{A5BF281F-0FB9-4B26-BC56-C5D55ABB400A}.Debug|Any CPU.ActiveCfg = Debug|Any CPU
		{A5BF281F-0FB9-4B26-BC56-C5D55ABB400A}.Debug|Any CPU.Build.0 = Debug|Any CPU
		{A5BF281F-0FB9-4B26-BC56-C5D55ABB400A}.Release|Any CPU.ActiveCfg = Release|Any CPU
		{A5BF281F-0FB9-4B26-BC56-C5D55ABB400A}.Release|Any CPU.Build.0 = Release|Any CPU
		{B85E4BDB-BDC0-42DD-A4C5-72E59A0CFC6F}.Debug|Any CPU.ActiveCfg = Debug|Any CPU
		{B85E4BDB-BDC0-42DD-A4C5-72E59A0CFC6F}.Debug|Any CPU.Build.0 = Debug|Any CPU
		{B85E4BDB-BDC0-42DD-A4C5-72E59A0CFC6F}.Release|Any CPU.ActiveCfg = Release|Any CPU
		{B85E4BDB-BDC0-42DD-A4C5-72E59A0CFC6F}.Release|Any CPU.Build.0 = Release|Any CPU
		{6F3DE1EA-6542-4120-8679-55EFD5CF1500}.Debug|Any CPU.ActiveCfg = Debug|Any CPU
		{6F3DE1EA-6542-4120-8679-55EFD5CF1500}.Debug|Any CPU.Build.0 = Debug|Any CPU
		{6F3DE1EA-6542-4120-8679-55EFD5CF1500}.Release|Any CPU.ActiveCfg = Release|Any CPU
		{6F3DE1EA-6542-4120-8679-55EFD5CF1500}.Release|Any CPU.Build.0 = Release|Any CPU
		{8343DC9F-3BC0-4E96-AD2A-95CA5CE9B4E9}.Debug|Any CPU.ActiveCfg = Debug|Any CPU
		{8343DC9F-3BC0-4E96-AD2A-95CA5CE9B4E9}.Debug|Any CPU.Build.0 = Debug|Any CPU
		{8343DC9F-3BC0-4E96-AD2A-95CA5CE9B4E9}.Release|Any CPU.ActiveCfg = Release|Any CPU
		{8343DC9F-3BC0-4E96-AD2A-95CA5CE9B4E9}.Release|Any CPU.Build.0 = Release|Any CPU
		{0D673CCE-EE07-43B8-A922-320D62D412CC}.Debug|Any CPU.ActiveCfg = Debug|Any CPU
		{0D673CCE-EE07-43B8-A922-320D62D412CC}.Debug|Any CPU.Build.0 = Debug|Any CPU
		{0D673CCE-EE07-43B8-A922-320D62D412CC}.Release|Any CPU.ActiveCfg = Release|Any CPU
		{0D673CCE-EE07-43B8-A922-320D62D412CC}.Release|Any CPU.Build.0 = Release|Any CPU
		{B44B0648-019B-48A8-AFF3-29A9D56F26A1}.Debug|Any CPU.ActiveCfg = Debug|Any CPU
		{B44B0648-019B-48A8-AFF3-29A9D56F26A1}.Debug|Any CPU.Build.0 = Debug|Any CPU
		{B44B0648-019B-48A8-AFF3-29A9D56F26A1}.Release|Any CPU.ActiveCfg = Release|Any CPU
		{B44B0648-019B-48A8-AFF3-29A9D56F26A1}.Release|Any CPU.Build.0 = Release|Any CPU
		{62775C60-A0E0-47F4-8003-DDE2E72129D3}.Debug|Any CPU.ActiveCfg = Debug|Any CPU
		{62775C60-A0E0-47F4-8003-DDE2E72129D3}.Debug|Any CPU.Build.0 = Debug|Any CPU
		{62775C60-A0E0-47F4-8003-DDE2E72129D3}.Release|Any CPU.ActiveCfg = Release|Any CPU
		{62775C60-A0E0-47F4-8003-DDE2E72129D3}.Release|Any CPU.Build.0 = Release|Any CPU
		{367089D6-2D5D-40F4-B834-08A91E156E76}.Debug|Any CPU.ActiveCfg = Debug|Any CPU
		{367089D6-2D5D-40F4-B834-08A91E156E76}.Debug|Any CPU.Build.0 = Debug|Any CPU
		{367089D6-2D5D-40F4-B834-08A91E156E76}.Release|Any CPU.ActiveCfg = Release|Any CPU
		{367089D6-2D5D-40F4-B834-08A91E156E76}.Release|Any CPU.Build.0 = Release|Any CPU
		{3B591553-2D05-469B-9805-EB95A51CD02D}.Debug|Any CPU.ActiveCfg = Debug|Any CPU
		{3B591553-2D05-469B-9805-EB95A51CD02D}.Debug|Any CPU.Build.0 = Debug|Any CPU
		{3B591553-2D05-469B-9805-EB95A51CD02D}.Release|Any CPU.ActiveCfg = Release|Any CPU
		{3B591553-2D05-469B-9805-EB95A51CD02D}.Release|Any CPU.Build.0 = Release|Any CPU
		{7B616FBE-2989-4213-BA5A-8AFAD35189C1}.Debug|Any CPU.ActiveCfg = Debug|Any CPU
		{7B616FBE-2989-4213-BA5A-8AFAD35189C1}.Debug|Any CPU.Build.0 = Debug|Any CPU
		{7B616FBE-2989-4213-BA5A-8AFAD35189C1}.Release|Any CPU.ActiveCfg = Release|Any CPU
		{7B616FBE-2989-4213-BA5A-8AFAD35189C1}.Release|Any CPU.Build.0 = Release|Any CPU
		{16C1F039-C6EB-424E-8C19-C86D812A5F2E}.Debug|Any CPU.ActiveCfg = Debug|Any CPU
		{16C1F039-C6EB-424E-8C19-C86D812A5F2E}.Debug|Any CPU.Build.0 = Debug|Any CPU
		{16C1F039-C6EB-424E-8C19-C86D812A5F2E}.Release|Any CPU.ActiveCfg = Release|Any CPU
		{16C1F039-C6EB-424E-8C19-C86D812A5F2E}.Release|Any CPU.Build.0 = Release|Any CPU
		{74CF3235-1456-42E1-91AF-5B2278616357}.Debug|Any CPU.ActiveCfg = Debug|Any CPU
		{74CF3235-1456-42E1-91AF-5B2278616357}.Debug|Any CPU.Build.0 = Debug|Any CPU
		{74CF3235-1456-42E1-91AF-5B2278616357}.Release|Any CPU.ActiveCfg = Release|Any CPU
		{74CF3235-1456-42E1-91AF-5B2278616357}.Release|Any CPU.Build.0 = Release|Any CPU
		{F90499DE-E127-4A76-80A8-662E7A6232CC}.Debug|Any CPU.ActiveCfg = Debug|Any CPU
		{F90499DE-E127-4A76-80A8-662E7A6232CC}.Debug|Any CPU.Build.0 = Debug|Any CPU
		{F90499DE-E127-4A76-80A8-662E7A6232CC}.Release|Any CPU.ActiveCfg = Release|Any CPU
		{F90499DE-E127-4A76-80A8-662E7A6232CC}.Release|Any CPU.Build.0 = Release|Any CPU
		{C5EBC243-A08E-47E6-BFDF-8CEC33B96E09}.Debug|Any CPU.ActiveCfg = Debug|Any CPU
		{C5EBC243-A08E-47E6-BFDF-8CEC33B96E09}.Debug|Any CPU.Build.0 = Debug|Any CPU
		{C5EBC243-A08E-47E6-BFDF-8CEC33B96E09}.Release|Any CPU.ActiveCfg = Release|Any CPU
		{C5EBC243-A08E-47E6-BFDF-8CEC33B96E09}.Release|Any CPU.Build.0 = Release|Any CPU
		{1E659D90-3036-46F3-854B-D15FD61EBFFB}.Debug|Any CPU.ActiveCfg = Debug|Any CPU
		{1E659D90-3036-46F3-854B-D15FD61EBFFB}.Debug|Any CPU.Build.0 = Debug|Any CPU
		{1E659D90-3036-46F3-854B-D15FD61EBFFB}.Release|Any CPU.ActiveCfg = Release|Any CPU
		{1E659D90-3036-46F3-854B-D15FD61EBFFB}.Release|Any CPU.Build.0 = Release|Any CPU
		{8DE91A48-06B6-4B6E-8B5B-1A6FDF6C4E20}.Debug|Any CPU.ActiveCfg = Debug|Any CPU
		{8DE91A48-06B6-4B6E-8B5B-1A6FDF6C4E20}.Debug|Any CPU.Build.0 = Debug|Any CPU
		{8DE91A48-06B6-4B6E-8B5B-1A6FDF6C4E20}.Release|Any CPU.ActiveCfg = Release|Any CPU
		{8DE91A48-06B6-4B6E-8B5B-1A6FDF6C4E20}.Release|Any CPU.Build.0 = Release|Any CPU
		{75F5B3A1-0B3E-4B09-88A6-C11DB2475FC9}.Debug|Any CPU.ActiveCfg = Debug|Any CPU
		{75F5B3A1-0B3E-4B09-88A6-C11DB2475FC9}.Debug|Any CPU.Build.0 = Debug|Any CPU
		{75F5B3A1-0B3E-4B09-88A6-C11DB2475FC9}.Release|Any CPU.ActiveCfg = Release|Any CPU
		{75F5B3A1-0B3E-4B09-88A6-C11DB2475FC9}.Release|Any CPU.Build.0 = Release|Any CPU
		{A6EE6287-5480-4A91-8CCF-122D17F5FCA6}.Debug|Any CPU.ActiveCfg = Debug|Any CPU
		{A6EE6287-5480-4A91-8CCF-122D17F5FCA6}.Debug|Any CPU.Build.0 = Debug|Any CPU
		{A6EE6287-5480-4A91-8CCF-122D17F5FCA6}.Release|Any CPU.ActiveCfg = Release|Any CPU
		{A6EE6287-5480-4A91-8CCF-122D17F5FCA6}.Release|Any CPU.Build.0 = Release|Any CPU
		{AF295C06-25D5-41BB-8C60-80DB3952403E}.Debug|Any CPU.ActiveCfg = Debug|Any CPU
		{AF295C06-25D5-41BB-8C60-80DB3952403E}.Debug|Any CPU.Build.0 = Debug|Any CPU
		{AF295C06-25D5-41BB-8C60-80DB3952403E}.Release|Any CPU.ActiveCfg = Release|Any CPU
		{AF295C06-25D5-41BB-8C60-80DB3952403E}.Release|Any CPU.Build.0 = Release|Any CPU
		{6B1DBA46-4C5D-4883-AF78-8832B2737829}.Debug|Any CPU.ActiveCfg = Debug|Any CPU
		{6B1DBA46-4C5D-4883-AF78-8832B2737829}.Debug|Any CPU.Build.0 = Debug|Any CPU
		{6B1DBA46-4C5D-4883-AF78-8832B2737829}.Release|Any CPU.ActiveCfg = Release|Any CPU
		{6B1DBA46-4C5D-4883-AF78-8832B2737829}.Release|Any CPU.Build.0 = Release|Any CPU
		{7B59FE3D-A4C9-4EC3-A79B-A768C6B61187}.Debug|Any CPU.ActiveCfg = Debug|Any CPU
		{7B59FE3D-A4C9-4EC3-A79B-A768C6B61187}.Debug|Any CPU.Build.0 = Debug|Any CPU
		{7B59FE3D-A4C9-4EC3-A79B-A768C6B61187}.Release|Any CPU.ActiveCfg = Release|Any CPU
		{7B59FE3D-A4C9-4EC3-A79B-A768C6B61187}.Release|Any CPU.Build.0 = Release|Any CPU
		{5874CC1C-2742-4787-BC1A-CDBDE9599D79}.Debug|Any CPU.ActiveCfg = Debug|Any CPU
		{5874CC1C-2742-4787-BC1A-CDBDE9599D79}.Debug|Any CPU.Build.0 = Debug|Any CPU
		{5874CC1C-2742-4787-BC1A-CDBDE9599D79}.Release|Any CPU.ActiveCfg = Release|Any CPU
		{5874CC1C-2742-4787-BC1A-CDBDE9599D79}.Release|Any CPU.Build.0 = Release|Any CPU
		{6DD27C66-69AD-42DC-8996-875CD2A380E2}.Debug|Any CPU.ActiveCfg = Debug|Any CPU
		{6DD27C66-69AD-42DC-8996-875CD2A380E2}.Debug|Any CPU.Build.0 = Debug|Any CPU
		{6DD27C66-69AD-42DC-8996-875CD2A380E2}.Release|Any CPU.ActiveCfg = Release|Any CPU
		{6DD27C66-69AD-42DC-8996-875CD2A380E2}.Release|Any CPU.Build.0 = Release|Any CPU
		{770B1766-B0D8-44EA-AF91-E3EA3A5B1DB8}.Debug|Any CPU.ActiveCfg = Debug|Any CPU
		{770B1766-B0D8-44EA-AF91-E3EA3A5B1DB8}.Debug|Any CPU.Build.0 = Debug|Any CPU
		{770B1766-B0D8-44EA-AF91-E3EA3A5B1DB8}.Release|Any CPU.ActiveCfg = Release|Any CPU
		{770B1766-B0D8-44EA-AF91-E3EA3A5B1DB8}.Release|Any CPU.Build.0 = Release|Any CPU
		{BE2E73C4-AED7-4844-8413-45A46AF8166A}.Debug|Any CPU.ActiveCfg = Debug|Any CPU
		{BE2E73C4-AED7-4844-8413-45A46AF8166A}.Debug|Any CPU.Build.0 = Debug|Any CPU
		{BE2E73C4-AED7-4844-8413-45A46AF8166A}.Release|Any CPU.ActiveCfg = Release|Any CPU
		{BE2E73C4-AED7-4844-8413-45A46AF8166A}.Release|Any CPU.Build.0 = Release|Any CPU
		{F602DEF1-F1B1-46E8-9F9B-4D69C6BFFAEC}.Debug|Any CPU.ActiveCfg = Debug|Any CPU
		{F602DEF1-F1B1-46E8-9F9B-4D69C6BFFAEC}.Debug|Any CPU.Build.0 = Debug|Any CPU
		{F602DEF1-F1B1-46E8-9F9B-4D69C6BFFAEC}.Release|Any CPU.ActiveCfg = Release|Any CPU
		{F602DEF1-F1B1-46E8-9F9B-4D69C6BFFAEC}.Release|Any CPU.Build.0 = Release|Any CPU
		{30B3163C-7ECC-4EBF-966E-5EB70DE715DB}.Debug|Any CPU.ActiveCfg = Debug|Any CPU
		{30B3163C-7ECC-4EBF-966E-5EB70DE715DB}.Debug|Any CPU.Build.0 = Debug|Any CPU
		{30B3163C-7ECC-4EBF-966E-5EB70DE715DB}.Release|Any CPU.ActiveCfg = Release|Any CPU
		{30B3163C-7ECC-4EBF-966E-5EB70DE715DB}.Release|Any CPU.Build.0 = Release|Any CPU
		{D543BDFD-166C-44DB-83FD-FAB36322C3AF}.Debug|Any CPU.ActiveCfg = Debug|Any CPU
		{D543BDFD-166C-44DB-83FD-FAB36322C3AF}.Debug|Any CPU.Build.0 = Debug|Any CPU
		{D543BDFD-166C-44DB-83FD-FAB36322C3AF}.Release|Any CPU.ActiveCfg = Release|Any CPU
		{D543BDFD-166C-44DB-83FD-FAB36322C3AF}.Release|Any CPU.Build.0 = Release|Any CPU
	EndGlobalSection
	GlobalSection(SolutionProperties) = preSolution
		HideSolutionNode = FALSE
	EndGlobalSection
	GlobalSection(NestedProjects) = preSolution
		{BFB60E69-5A19-441D-AE6F-9D5F9228C69B} = {88EB4CD9-7A35-4D17-A504-FA6704846C8E}
		{C3BF999A-F0B5-43D4-BD25-9AEB94668B72} = {88EB4CD9-7A35-4D17-A504-FA6704846C8E}
		{76FA618E-B10E-4A8D-A6AA-03EE7A80CC9D} = {88EB4CD9-7A35-4D17-A504-FA6704846C8E}
		{2CFA68ED-82D3-4011-BA91-F35461EF7F83} = {88EB4CD9-7A35-4D17-A504-FA6704846C8E}
		{F54E16C4-56EC-4DF5-86B4-1B334F0CEB97} = {88EB4CD9-7A35-4D17-A504-FA6704846C8E}
		{33AF10DF-D574-45F4-97A9-7F6286F80E8B} = {88EB4CD9-7A35-4D17-A504-FA6704846C8E}
		{EF111954-466D-47F8-B7FB-88DA4B22C6FB} = {88EB4CD9-7A35-4D17-A504-FA6704846C8E}
		{5935C6B3-B57A-45AE-8E93-91B5F2ECBE0E} = {88EB4CD9-7A35-4D17-A504-FA6704846C8E}
		{0D3282EE-75D7-45D0-9887-70818682C9F6} = {88EB4CD9-7A35-4D17-A504-FA6704846C8E}
		{92241A5D-5DE6-445F-8AD8-AF71159C79EA} = {88EB4CD9-7A35-4D17-A504-FA6704846C8E}
		{CEC2635B-0951-4F91-B31D-59595621DCC5} = {88EB4CD9-7A35-4D17-A504-FA6704846C8E}
		{E7CFA30F-36B9-4957-A326-AE98E090C731} = {88EB4CD9-7A35-4D17-A504-FA6704846C8E}
		{1366525F-D8DE-4EBA-B7D8-833D335317AC} = {88EB4CD9-7A35-4D17-A504-FA6704846C8E}
		{5E4B8186-15F1-4D64-8FE7-0564B37DE14F} = {88EB4CD9-7A35-4D17-A504-FA6704846C8E}
		{92B38397-CEA3-436D-BC42-5673F9C2056D} = {88EB4CD9-7A35-4D17-A504-FA6704846C8E}
		{09DD2B96-CAE4-4A25-A42D-B1D90CD664EF} = {88EB4CD9-7A35-4D17-A504-FA6704846C8E}
		{6760A7C6-ADD3-4D20-B3B6-384E894B9964} = {88EB4CD9-7A35-4D17-A504-FA6704846C8E}
		{824E374E-FA05-45C9-A3DE-492190438A70} = {88EB4CD9-7A35-4D17-A504-FA6704846C8E}
		{48840D87-486E-48B6-9B17-D7148CE06655} = {3BA1894E-6283-4200-836E-DC9A928D6EEC}
		{446D8B59-E731-4147-B569-89E8A1DBA82A} = {3BA1894E-6283-4200-836E-DC9A928D6EEC}
		{6E0D4029-E303-4410-BC8B-09D00CB6E508} = {3BA1894E-6283-4200-836E-DC9A928D6EEC}
		{F7238D72-10A0-4A29-B0D0-F3B352633265} = {3BA1894E-6283-4200-836E-DC9A928D6EEC}
		{EBC59CA9-395B-4C65-AB0A-CE41AB608215} = {3BA1894E-6283-4200-836E-DC9A928D6EEC}
		{FA8FCA5A-4651-4CB1-B8B4-4F6598F9F4D5} = {3BA1894E-6283-4200-836E-DC9A928D6EEC}
		{96DAD370-FA79-4F62-AAA8-5283F2CBB8E9} = {3BA1894E-6283-4200-836E-DC9A928D6EEC}
		{1A90327D-5F95-424A-A88F-6DDE4DD3801F} = {3BA1894E-6283-4200-836E-DC9A928D6EEC}
		{50C71E53-DB29-4CB5-B9F5-A66E209B3D1A} = {3BA1894E-6283-4200-836E-DC9A928D6EEC}
		{A4E57D17-6EBF-4FFE-90D4-51EF27884693} = {3BA1894E-6283-4200-836E-DC9A928D6EEC}
		{ABCDD24F-7C16-4298-A86F-957D7FEE537A} = {3BA1894E-6283-4200-836E-DC9A928D6EEC}
		{6F30E121-9AA4-4AC6-9F2C-347B9200BBFD} = {3BA1894E-6283-4200-836E-DC9A928D6EEC}
		{8F7A56F4-ACD5-4919-A149-2A99B27E2EDA} = {3BA1894E-6283-4200-836E-DC9A928D6EEC}
		{A5BF281F-0FB9-4B26-BC56-C5D55ABB400A} = {3BA1894E-6283-4200-836E-DC9A928D6EEC}
		{B85E4BDB-BDC0-42DD-A4C5-72E59A0CFC6F} = {3BA1894E-6283-4200-836E-DC9A928D6EEC}
		{6F3DE1EA-6542-4120-8679-55EFD5CF1500} = {3BA1894E-6283-4200-836E-DC9A928D6EEC}
		{8343DC9F-3BC0-4E96-AD2A-95CA5CE9B4E9} = {3BA1894E-6283-4200-836E-DC9A928D6EEC}
		{0D673CCE-EE07-43B8-A922-320D62D412CC} = {3BA1894E-6283-4200-836E-DC9A928D6EEC}
		{B44B0648-019B-48A8-AFF3-29A9D56F26A1} = {3BA1894E-6283-4200-836E-DC9A928D6EEC}
		{62775C60-A0E0-47F4-8003-DDE2E72129D3} = {3BA1894E-6283-4200-836E-DC9A928D6EEC}
		{367089D6-2D5D-40F4-B834-08A91E156E76} = {3BA1894E-6283-4200-836E-DC9A928D6EEC}
		{3B591553-2D05-469B-9805-EB95A51CD02D} = {3BA1894E-6283-4200-836E-DC9A928D6EEC}
		{7B616FBE-2989-4213-BA5A-8AFAD35189C1} = {3BA1894E-6283-4200-836E-DC9A928D6EEC}
		{16C1F039-C6EB-424E-8C19-C86D812A5F2E} = {3BA1894E-6283-4200-836E-DC9A928D6EEC}
		{74CF3235-1456-42E1-91AF-5B2278616357} = {3BA1894E-6283-4200-836E-DC9A928D6EEC}
		{F90499DE-E127-4A76-80A8-662E7A6232CC} = {48EEB9B4-569D-434C-8583-CD81EC017713}
		{C5EBC243-A08E-47E6-BFDF-8CEC33B96E09} = {48EEB9B4-569D-434C-8583-CD81EC017713}
		{1E659D90-3036-46F3-854B-D15FD61EBFFB} = {48EEB9B4-569D-434C-8583-CD81EC017713}
		{8DE91A48-06B6-4B6E-8B5B-1A6FDF6C4E20} = {48EEB9B4-569D-434C-8583-CD81EC017713}
		{75F5B3A1-0B3E-4B09-88A6-C11DB2475FC9} = {48EEB9B4-569D-434C-8583-CD81EC017713}
		{A6EE6287-5480-4A91-8CCF-122D17F5FCA6} = {48EEB9B4-569D-434C-8583-CD81EC017713}
		{AF295C06-25D5-41BB-8C60-80DB3952403E} = {48EEB9B4-569D-434C-8583-CD81EC017713}
		{6B1DBA46-4C5D-4883-AF78-8832B2737829} = {48EEB9B4-569D-434C-8583-CD81EC017713}
		{7B59FE3D-A4C9-4EC3-A79B-A768C6B61187} = {48EEB9B4-569D-434C-8583-CD81EC017713}
		{5874CC1C-2742-4787-BC1A-CDBDE9599D79} = {48EEB9B4-569D-434C-8583-CD81EC017713}
		{6DD27C66-69AD-42DC-8996-875CD2A380E2} = {48EEB9B4-569D-434C-8583-CD81EC017713}
		{770B1766-B0D8-44EA-AF91-E3EA3A5B1DB8} = {48EEB9B4-569D-434C-8583-CD81EC017713}
		{BE2E73C4-AED7-4844-8413-45A46AF8166A} = {48EEB9B4-569D-434C-8583-CD81EC017713}
		{F602DEF1-F1B1-46E8-9F9B-4D69C6BFFAEC} = {48EEB9B4-569D-434C-8583-CD81EC017713}
		{30B3163C-7ECC-4EBF-966E-5EB70DE715DB} = {48EEB9B4-569D-434C-8583-CD81EC017713}
		{D543BDFD-166C-44DB-83FD-FAB36322C3AF} = {5A3F61A1-22C8-40D4-AAE1-164B254BB297}
	EndGlobalSection
	GlobalSection(ExtensibilityGlobals) = postSolution
		SolutionGuid = {65E6C710-AF8D-4594-8C3A-E17295DF7EFD}
	EndGlobalSection
EndGlobal
